
Microsoft Visual Studio Solution File, Format Version 12.00
# Visual Studio Version 17
VisualStudioVersion = 17.6.33717.318
MinimumVisualStudioVersion = 10.0.40219.1
Project("{8BC9CEB8-8B4A-11D0-8D11-00A0C91BC942}") = "task-1", "task-1\task-1.vcxproj", "{1178C8D8-D415-4746-AAD0-EBF5F04F4514}"
EndProject
Project("{8BC9CEB8-8B4A-11D0-8D11-00A0C91BC942}") = "task-2", "task-2\task-2.vcxproj", "{8D27B60B-30DE-4B6C-A201-7302D2774B8A}"
EndProject
Project("{8BC9CEB8-8B4A-11D0-8D11-00A0C91BC942}") = "task-3", "task-3\task-3.vcxproj", "{DBE2CDD9-2361-4931-A10D-A69272F1802D}"
EndProject
Project("{8BC9CEB8-8B4A-11D0-8D11-00A0C91BC942}") = "task-4", "task-4\task-4.vcxproj", "{CE8392DC-B047-46D6-BA98-429597B79797}"
EndProject
Project("{8BC9CEB8-8B4A-11D0-8D11-00A0C91BC942}") = "task-6", "task-6\task-6.vcxproj", "{FA4EBC7E-3339-4050-B6B4-F83879C6B5C0}"
EndProject
Project("{8BC9CEB8-8B4A-11D0-8D11-00A0C91BC942}") = "task-5", "task-5\task-5.vcxproj", "{F533F732-79AF-4E0C-9EFF-2EA510A25D70}"
EndProject
Project("{8BC9CEB8-8B4A-11D0-8D11-00A0C91BC942}") = "task-7", "task-7\task-7.vcxproj", "{5A6A0FF3-F609-4F5B-B5FD-896E04A524D9}"
EndProject
Project("{8BC9CEB8-8B4A-11D0-8D11-00A0C91BC942}") = "task-8", "task-8\task-8.vcxproj", "{D570F7C9-41FF-419E-B391-4E0E0452494C}"
EndProject
Project("{8BC9CEB8-8B4A-11D0-8D11-00A0C91BC942}") = "task-9", "task-9\task-9.vcxproj", "{CA580F61-E350-47CD-A6DC-4CF5D228AD86}"
EndProject
Project("{8BC9CEB8-8B4A-11D0-8D11-00A0C91BC942}") = "task-10", "task-10\task-10.vcxproj", "{F581E5D3-BA54-47CE-8669-7968FD5229A1}"
EndProject
Project("{8BC9CEB8-8B4A-11D0-8D11-00A0C91BC942}") = "task-11", "task-11\task-11.vcxproj", "{DA622245-DB1F-4521-8FD6-D534C6295F4A}"
EndProject
Global
	GlobalSection(SolutionConfigurationPlatforms) = preSolution
		Debug|x64 = Debug|x64
		Debug|x86 = Debug|x86
		Release|x64 = Release|x64
		Release|x86 = Release|x86
	EndGlobalSection
	GlobalSection(ProjectConfigurationPlatforms) = postSolution
		{1178C8D8-D415-4746-AAD0-EBF5F04F4514}.Debug|x64.ActiveCfg = Debug|x64
		{1178C8D8-D415-4746-AAD0-EBF5F04F4514}.Debug|x64.Build.0 = Debug|x64
		{1178C8D8-D415-4746-AAD0-EBF5F04F4514}.Debug|x86.ActiveCfg = Debug|Win32
		{1178C8D8-D415-4746-AAD0-EBF5F04F4514}.Debug|x86.Build.0 = Debug|Win32
		{1178C8D8-D415-4746-AAD0-EBF5F04F4514}.Release|x64.ActiveCfg = Release|x64
		{1178C8D8-D415-4746-AAD0-EBF5F04F4514}.Release|x64.Build.0 = Release|x64
		{1178C8D8-D415-4746-AAD0-EBF5F04F4514}.Release|x86.ActiveCfg = Release|Win32
		{1178C8D8-D415-4746-AAD0-EBF5F04F4514}.Release|x86.Build.0 = Release|Win32
		{8D27B60B-30DE-4B6C-A201-7302D2774B8A}.Debug|x64.ActiveCfg = Debug|x64
		{8D27B60B-30DE-4B6C-A201-7302D2774B8A}.Debug|x64.Build.0 = Debug|x64
		{8D27B60B-30DE-4B6C-A201-7302D2774B8A}.Debug|x86.ActiveCfg = Debug|Win32
		{8D27B60B-30DE-4B6C-A201-7302D2774B8A}.Debug|x86.Build.0 = Debug|Win32
		{8D27B60B-30DE-4B6C-A201-7302D2774B8A}.Release|x64.ActiveCfg = Release|x64
		{8D27B60B-30DE-4B6C-A201-7302D2774B8A}.Release|x64.Build.0 = Release|x64
		{8D27B60B-30DE-4B6C-A201-7302D2774B8A}.Release|x86.ActiveCfg = Release|Win32
		{8D27B60B-30DE-4B6C-A201-7302D2774B8A}.Release|x86.Build.0 = Release|Win32
		{DBE2CDD9-2361-4931-A10D-A69272F1802D}.Debug|x64.ActiveCfg = Debug|x64
		{DBE2CDD9-2361-4931-A10D-A69272F1802D}.Debug|x64.Build.0 = Debug|x64
		{DBE2CDD9-2361-4931-A10D-A69272F1802D}.Debug|x86.ActiveCfg = Debug|Win32
		{DBE2CDD9-2361-4931-A10D-A69272F1802D}.Debug|x86.Build.0 = Debug|Win32
		{DBE2CDD9-2361-4931-A10D-A69272F1802D}.Release|x64.ActiveCfg = Release|x64
		{DBE2CDD9-2361-4931-A10D-A69272F1802D}.Release|x64.Build.0 = Release|x64
		{DBE2CDD9-2361-4931-A10D-A69272F1802D}.Release|x86.ActiveCfg = Release|Win32
		{DBE2CDD9-2361-4931-A10D-A69272F1802D}.Release|x86.Build.0 = Release|Win32
		{CE8392DC-B047-46D6-BA98-429597B79797}.Debug|x64.ActiveCfg = Debug|x64
		{CE8392DC-B047-46D6-BA98-429597B79797}.Debug|x64.Build.0 = Debug|x64
		{CE8392DC-B047-46D6-BA98-429597B79797}.Debug|x86.ActiveCfg = Debug|Win32
		{CE8392DC-B047-46D6-BA98-429597B79797}.Debug|x86.Build.0 = Debug|Win32
		{CE8392DC-B047-46D6-BA98-429597B79797}.Release|x64.ActiveCfg = Release|x64
		{CE8392DC-B047-46D6-BA98-429597B79797}.Release|x64.Build.0 = Release|x64
		{CE8392DC-B047-46D6-BA98-429597B79797}.Release|x86.ActiveCfg = Release|Win32
		{CE8392DC-B047-46D6-BA98-429597B79797}.Release|x86.Build.0 = Release|Win32
		{FA4EBC7E-3339-4050-B6B4-F83879C6B5C0}.Debug|x64.ActiveCfg = Debug|x64
		{FA4EBC7E-3339-4050-B6B4-F83879C6B5C0}.Debug|x64.Build.0 = Debug|x64
		{FA4EBC7E-3339-4050-B6B4-F83879C6B5C0}.Debug|x86.ActiveCfg = Debug|Win32
		{FA4EBC7E-3339-4050-B6B4-F83879C6B5C0}.Debug|x86.Build.0 = Debug|Win32
		{FA4EBC7E-3339-4050-B6B4-F83879C6B5C0}.Release|x64.ActiveCfg = Release|x64
		{FA4EBC7E-3339-4050-B6B4-F83879C6B5C0}.Release|x64.Build.0 = Release|x64
		{FA4EBC7E-3339-4050-B6B4-F83879C6B5C0}.Release|x86.ActiveCfg = Release|Win32
		{FA4EBC7E-3339-4050-B6B4-F83879C6B5C0}.Release|x86.Build.0 = Release|Win32
		{F533F732-79AF-4E0C-9EFF-2EA510A25D70}.Debug|x64.ActiveCfg = Debug|x64
		{F533F732-79AF-4E0C-9EFF-2EA510A25D70}.Debug|x64.Build.0 = Debug|x64
		{F533F732-79AF-4E0C-9EFF-2EA510A25D70}.Debug|x86.ActiveCfg = Debug|Win32
		{F533F732-79AF-4E0C-9EFF-2EA510A25D70}.Debug|x86.Build.0 = Debug|Win32
		{F533F732-79AF-4E0C-9EFF-2EA510A25D70}.Release|x64.ActiveCfg = Release|x64
		{F533F732-79AF-4E0C-9EFF-2EA510A25D70}.Release|x64.Build.0 = Release|x64
		{F533F732-79AF-4E0C-9EFF-2EA510A25D70}.Release|x86.ActiveCfg = Release|Win32
		{F533F732-79AF-4E0C-9EFF-2EA510A25D70}.Release|x86.Build.0 = Release|Win32
		{5A6A0FF3-F609-4F5B-B5FD-896E04A524D9}.Debug|x64.ActiveCfg = Debug|x64
		{5A6A0FF3-F609-4F5B-B5FD-896E04A524D9}.Debug|x64.Build.0 = Debug|x64
		{5A6A0FF3-F609-4F5B-B5FD-896E04A524D9}.Debug|x86.ActiveCfg = Debug|Win32
		{5A6A0FF3-F609-4F5B-B5FD-896E04A524D9}.Debug|x86.Build.0 = Debug|Win32
		{5A6A0FF3-F609-4F5B-B5FD-896E04A524D9}.Release|x64.ActiveCfg = Release|x64
		{5A6A0FF3-F609-4F5B-B5FD-896E04A524D9}.Release|x64.Build.0 = Release|x64
		{5A6A0FF3-F609-4F5B-B5FD-896E04A524D9}.Release|x86.ActiveCfg = Release|Win32
		{5A6A0FF3-F609-4F5B-B5FD-896E04A524D9}.Release|x86.Build.0 = Release|Win32
		{D570F7C9-41FF-419E-B391-4E0E0452494C}.Debug|x64.ActiveCfg = Debug|x64
		{D570F7C9-41FF-419E-B391-4E0E0452494C}.Debug|x64.Build.0 = Debug|x64
		{D570F7C9-41FF-419E-B391-4E0E0452494C}.Debug|x86.ActiveCfg = Debug|Win32
		{D570F7C9-41FF-419E-B391-4E0E0452494C}.Debug|x86.Build.0 = Debug|Win32
		{D570F7C9-41FF-419E-B391-4E0E0452494C}.Release|x64.ActiveCfg = Release|x64
		{D570F7C9-41FF-419E-B391-4E0E0452494C}.Release|x64.Build.0 = Release|x64
		{D570F7C9-41FF-419E-B391-4E0E0452494C}.Release|x86.ActiveCfg = Release|Win32
		{D570F7C9-41FF-419E-B391-4E0E0452494C}.Release|x86.Build.0 = Release|Win32
		{CA580F61-E350-47CD-A6DC-4CF5D228AD86}.Debug|x64.ActiveCfg = Debug|x64
		{CA580F61-E350-47CD-A6DC-4CF5D228AD86}.Debug|x64.Build.0 = Debug|x64
		{CA580F61-E350-47CD-A6DC-4CF5D228AD86}.Debug|x86.ActiveCfg = Debug|Win32
		{CA580F61-E350-47CD-A6DC-4CF5D228AD86}.Debug|x86.Build.0 = Debug|Win32
		{CA580F61-E350-47CD-A6DC-4CF5D228AD86}.Release|x64.ActiveCfg = Release|x64
		{CA580F61-E350-47CD-A6DC-4CF5D228AD86}.Release|x64.Build.0 = Release|x64
		{CA580F61-E350-47CD-A6DC-4CF5D228AD86}.Release|x86.ActiveCfg = Release|Win32
		{CA580F61-E350-47CD-A6DC-4CF5D228AD86}.Release|x86.Build.0 = Release|Win32
		{F581E5D3-BA54-47CE-8669-7968FD5229A1}.Debug|x64.ActiveCfg = Debug|x64
		{F581E5D3-BA54-47CE-8669-7968FD5229A1}.Debug|x64.Build.0 = Debug|x64
		{F581E5D3-BA54-47CE-8669-7968FD5229A1}.Debug|x86.ActiveCfg = Debug|Win32
		{F581E5D3-BA54-47CE-8669-7968FD5229A1}.Debug|x86.Build.0 = Debug|Win32
		{F581E5D3-BA54-47CE-8669-7968FD5229A1}.Release|x64.ActiveCfg = Release|x64
		{F581E5D3-BA54-47CE-8669-7968FD5229A1}.Release|x64.Build.0 = Release|x64
		{F581E5D3-BA54-47CE-8669-7968FD5229A1}.Release|x86.ActiveCfg = Release|Win32
		{F581E5D3-BA54-47CE-8669-7968FD5229A1}.Release|x86.Build.0 = Release|Win32
		{DA622245-DB1F-4521-8FD6-D534C6295F4A}.Debug|x64.ActiveCfg = Debug|x64
		{DA622245-DB1F-4521-8FD6-D534C6295F4A}.Debug|x64.Build.0 = Debug|x64
		{DA622245-DB1F-4521-8FD6-D534C6295F4A}.Debug|x86.ActiveCfg = Debug|Win32
		{DA622245-DB1F-4521-8FD6-D534C6295F4A}.Debug|x86.Build.0 = Debug|Win32
		{DA622245-DB1F-4521-8FD6-D534C6295F4A}.Release|x64.ActiveCfg = Release|x64
		{DA622245-DB1F-4521-8FD6-D534C6295F4A}.Release|x64.Build.0 = Release|x64
		{DA622245-DB1F-4521-8FD6-D534C6295F4A}.Release|x86.ActiveCfg = Release|Win32
		{DA622245-DB1F-4521-8FD6-D534C6295F4A}.Release|x86.Build.0 = Release|Win32
	EndGlobalSection
	GlobalSection(SolutionProperties) = preSolution
		HideSolutionNode = FALSE
	EndGlobalSection
	GlobalSection(ExtensibilityGlobals) = postSolution
		SolutionGuid = {AA6D4664-DD16-419F-8CE0-321725E526DA}
	EndGlobalSection
EndGlobal
