
Microsoft Visual Studio Solution File, Format Version 12.00
# Visual Studio Version 17
VisualStudioVersion = 17.9.34607.119
MinimumVisualStudioVersion = 10.0.40219.1
Project("{8BC9CEB8-8B4A-11D0-8D11-00A0C91BC942}") = "task-1", "task-1\task-1.vcxproj", "{20041B59-60E9-4991-8066-2D0D83FE1C91}"
EndProject
Project("{8BC9CEB8-8B4A-11D0-8D11-00A0C91BC942}") = "task-2", "task-2\task-2.vcxproj", "{ED63CFD7-D8E2-45D9-B592-AD2E7BBB1326}"
EndProject
Global
	GlobalSection(SolutionConfigurationPlatforms) = preSolution
		Debug|x64 = Debug|x64
		Debug|x86 = Debug|x86
		Release|x64 = Release|x64
		Release|x86 = Release|x86
	EndGlobalSection
	GlobalSection(ProjectConfigurationPlatforms) = postSolution
		{20041B59-60E9-4991-8066-2D0D83FE1C91}.Debug|x64.ActiveCfg = Debug|x64
		{20041B59-60E9-4991-8066-2D0D83FE1C91}.Debug|x64.Build.0 = Debug|x64
		{20041B59-60E9-4991-8066-2D0D83FE1C91}.Debug|x86.ActiveCfg = Debug|Win32
		{20041B59-60E9-4991-8066-2D0D83FE1C91}.Debug|x86.Build.0 = Debug|Win32
		{20041B59-60E9-4991-8066-2D0D83FE1C91}.Release|x64.ActiveCfg = Release|x64
		{20041B59-60E9-4991-8066-2D0D83FE1C91}.Release|x64.Build.0 = Release|x64
		{20041B59-60E9-4991-8066-2D0D83FE1C91}.Release|x86.ActiveCfg = Release|Win32
		{20041B59-60E9-4991-8066-2D0D83FE1C91}.Release|x86.Build.0 = Release|Win32
		{ED63CFD7-D8E2-45D9-B592-AD2E7BBB1326}.Debug|x64.ActiveCfg = Debug|x64
		{ED63CFD7-D8E2-45D9-B592-AD2E7BBB1326}.Debug|x64.Build.0 = Debug|x64
		{ED63CFD7-D8E2-45D9-B592-AD2E7BBB1326}.Debug|x86.ActiveCfg = Debug|Win32
		{ED63CFD7-D8E2-45D9-B592-AD2E7BBB1326}.Debug|x86.Build.0 = Debug|Win32
		{ED63CFD7-D8E2-45D9-B592-AD2E7BBB1326}.Release|x64.ActiveCfg = Release|x64
		{ED63CFD7-D8E2-45D9-B592-AD2E7BBB1326}.Release|x64.Build.0 = Release|x64
		{ED63CFD7-D8E2-45D9-B592-AD2E7BBB1326}.Release|x86.ActiveCfg = Release|Win32
		{ED63CFD7-D8E2-45D9-B592-AD2E7BBB1326}.Release|x86.Build.0 = Release|Win32
	EndGlobalSection
	GlobalSection(SolutionProperties) = preSolution
		HideSolutionNode = FALSE
	EndGlobalSection
	GlobalSection(ExtensibilityGlobals) = postSolution
		SolutionGuid = {255C127D-F67A-4AEA-B4E8-7A8027B0421E}
	EndGlobalSection
EndGlobal
